# THIS IS AN AUTOGENERATED FILE. DO NOT EDIT THIS FILE DIRECTLY.
# yarn lockfile v1


accepts@~1.2.7:
  version "1.2.13"
  resolved "https://registry.yarnpkg.com/accepts/-/accepts-1.2.13.tgz#e5f1f3928c6d95fd96558c36ec3d9d0de4a6ecea"
  integrity sha1-5fHzkoxtlf2WVYw27D2dDeSm7Oo=
  dependencies:
    mime-types "~2.1.6"
    negotiator "0.5.3"

after@0.8.1:
  version "0.8.1"
  resolved "https://registry.yarnpkg.com/after/-/after-0.8.1.tgz#ab5d4fb883f596816d3515f8f791c0af486dd627"
  integrity sha1-q11PuIP1loFtNRX495HAr0ht1ic=

arraybuffer.slice@0.0.6:
  version "0.0.6"
  resolved "https://registry.yarnpkg.com/arraybuffer.slice/-/arraybuffer.slice-0.0.6.tgz#f33b2159f0532a3f3107a272c0ccfbd1ad2979ca"
  integrity sha1-8zshWfBTKj8xB6JywMz70a0peco=

backo2@1.0.2:
  version "1.0.2"
  resolved "https://registry.yarnpkg.com/backo2/-/backo2-1.0.2.tgz#31ab1ac8b129363463e35b3ebb69f4dfcfba7947"
  integrity sha1-MasayLEpNjRj41s+u2n038+6eUc=

base64-arraybuffer@0.1.2:
  version "0.1.2"
  resolved "https://registry.yarnpkg.com/base64-arraybuffer/-/base64-arraybuffer-0.1.2.tgz#474df4a9f2da24e05df3158c3b1db3c3cd46a154"
  integrity sha1-R030qfLaJOBd8xWMOx2zw81GoVQ=

base64id@0.1.0:
  version "0.1.0"
  resolved "https://registry.yarnpkg.com/base64id/-/base64id-0.1.0.tgz#02ce0fdeee0cef4f40080e1e73e834f0b1bfce3f"
  integrity sha1-As4P3u4M709ACA4ec+g08LG/zj8=

benchmark@1.0.0:
  version "1.0.0"
  resolved "https://registry.yarnpkg.com/benchmark/-/benchmark-1.0.0.tgz#2f1e2fa4c359f11122aa183082218e957e390c73"
  integrity sha1-Lx4vpMNZ8REiqhgwgiGOlX45DHM=

better-assert@~1.0.0:
  version "1.0.2"
  resolved "https://registry.yarnpkg.com/better-assert/-/better-assert-1.0.2.tgz#40866b9e1b9e0b55b481894311e68faffaebc522"
  integrity sha1-QIZrnhueC1W0gYlDEeaPr/rrxSI=
  dependencies:
    callsite "1.0.0"

bindings@1.2.x, bindings@~1.2.1:
  version "1.2.1"
  resolved "https://registry.yarnpkg.com/bindings/-/bindings-1.2.1.tgz#14ad6113812d2d37d72e67b4cacb4bb726505f11"
  integrity sha1-FK1hE4EtLTfXLme0ystLtyZQXxE=

blob@0.0.4:
  version "0.0.4"
  resolved "https://registry.yarnpkg.com/blob/-/blob-0.0.4.tgz#bcf13052ca54463f30f9fc7e95b9a47630a94921"
  integrity sha1-vPEwUspURj8w+fx+lbmkdjCpSSE=

bufferutil@1.2.x:
  version "1.2.1"
  resolved "https://registry.yarnpkg.com/bufferutil/-/bufferutil-1.2.1.tgz#37be5d36e1e06492221e68d474b1ac58e510cbd7"
  integrity sha1-N75dNuHgZJIiHmjUdLGsWOUQy9c=
  dependencies:
    bindings "1.2.x"
    nan "^2.0.5"

callsite@1.0.0:
  version "1.0.0"
  resolved "https://registry.yarnpkg.com/callsite/-/callsite-1.0.0.tgz#280398e5d664bd74038b6f0905153e6e8af1bc20"
  integrity sha1-KAOY5dZkvXQDi28JBRU+borxvCA=

component-bind@1.0.0:
  version "1.0.0"
  resolved "https://registry.yarnpkg.com/component-bind/-/component-bind-1.0.0.tgz#00c608ab7dcd93897c0009651b1d3a8e1e73bbd1"
  integrity sha1-AMYIq33Nk4l8AAllGx06jh5zu9E=

component-emitter@1.1.2:
  version "1.1.2"
  resolved "https://registry.yarnpkg.com/component-emitter/-/component-emitter-1.1.2.tgz#296594f2753daa63996d2af08d15a95116c9aec3"
  integrity sha1-KWWU8nU9qmOZbSrwjRWpURbJrsM=

component-inherit@0.0.3:
  version "0.0.3"
  resolved "https://registry.yarnpkg.com/component-inherit/-/component-inherit-0.0.3.tgz#645fc4adf58b72b649d5cae65135619db26ff143"
  integrity sha1-ZF/ErfWLcrZJ1crmUTVhnbJv8UM=

content-disposition@0.5.0:
  version "0.5.0"
  resolved "https://registry.yarnpkg.com/content-disposition/-/content-disposition-0.5.0.tgz#4284fe6ae0630874639e44e80a418c2934135e9e"
  integrity sha1-QoT+auBjCHRjnkToCkGMKTQTXp4=

content-type@~1.0.1:
  version "1.0.4"
  resolved "https://registry.yarnpkg.com/content-type/-/content-type-1.0.4.tgz#e138cc75e040c727b1966fe5e5f8c9aee256fe3b"
  integrity sha512-hIP3EEPs8tB9AT1L+NUqtwOAps4mk2Zob89MWXMHjHWg9milF/j4osnnQLXBCBFBk/tvIG/tUc9mOUJiPBhPXA==

cookie-signature@1.0.6:
  version "1.0.6"
  resolved "https://registry.yarnpkg.com/cookie-signature/-/cookie-signature-1.0.6.tgz#e303a882b342cc3ee8ca513a79999734dab3ae2c"
  integrity sha1-4wOogrNCzD7oylE6eZmXNNqzriw=

cookie@0.1.2:
  version "0.1.2"
  resolved "https://registry.yarnpkg.com/cookie/-/cookie-0.1.2.tgz#72fec3d24e48a3432073d90c12642005061004b1"
  integrity sha1-cv7D0k5Io0Mgc9kMEmQgBQYQBLE=

crc@3.2.1:
  version "3.2.1"
  resolved "https://registry.yarnpkg.com/crc/-/crc-3.2.1.tgz#5d9c8fb77a245cd5eca291e5d2d005334bab0082"
  integrity sha1-XZyPt3okXNXsopHl0tAFM0urAII=

debug@0.7.4:
  version "0.7.4"
  resolved "https://registry.yarnpkg.com/debug/-/debug-0.7.4.tgz#06e1ea8082c2cb14e39806e22e2f6f757f92af39"
  integrity sha1-BuHqgILCyxTjmAbiLi9vdX+Srzk=

debug@1.0.2:
  version "1.0.2"
  resolved "https://registry.yarnpkg.com/debug/-/debug-1.0.2.tgz#3849591c10cce648476c3c7c2e2e3416db5963c4"
  integrity sha1-OElZHBDM5khHbDx8Li40FttZY8Q=
  dependencies:
    ms "0.6.2"

debug@1.0.3:
  version "1.0.3"
  resolved "https://registry.yarnpkg.com/debug/-/debug-1.0.3.tgz#fc8c6b2d6002804b4081c0208e0f6460ba1fa3e4"
  integrity sha1-/IxrLWACgEtAgcAgjg9kYLofo+Q=
  dependencies:
    ms "0.6.2"

debug@1.0.4:
  version "1.0.4"
  resolved "https://registry.yarnpkg.com/debug/-/debug-1.0.4.tgz#5b9c256bd54b6ec02283176fa8a0ede6d154cbf8"
  integrity sha1-W5wla9VLbsAigxdvqKDt5tFUy/g=
  dependencies:
    ms "0.6.2"

debug@2.1.0:
  version "2.1.0"
  resolved "https://registry.yarnpkg.com/debug/-/debug-2.1.0.tgz#33ab915659d8c2cc8a41443d94d6ebd37697ed21"
  integrity sha1-M6uRVlnYwsyKQUQ9lNbr03aX7SE=
  dependencies:
    ms "0.6.2"

debug@~2.2.0:
  version "2.2.0"
  resolved "https://registry.yarnpkg.com/debug/-/debug-2.2.0.tgz#f87057e995b1a1f6ae6a4960664137bc56f039da"
  integrity sha1-+HBX6ZWxofauaklgZkE3vFbwOdo=
  dependencies:
    ms "0.7.1"

depd@~1.0.1:
  version "1.0.1"
  resolved "https://registry.yarnpkg.com/depd/-/depd-1.0.1.tgz#80aec64c9d6d97e65cc2a9caa93c0aa6abf73aaa"
  integrity sha1-gK7GTJ1tl+ZcwqnKqTwKpqv3Oqo=

destroy@1.0.3:
  version "1.0.3"
  resolved "https://registry.yarnpkg.com/destroy/-/destroy-1.0.3.tgz#b433b4724e71fd8551d9885174851c5fc377e2c9"
  integrity sha1-tDO0ck5x/YVR2YhRdIUcX8N34sk=

ee-first@1.1.0:
  version "1.1.0"
  resolved "https://registry.yarnpkg.com/ee-first/-/ee-first-1.1.0.tgz#6a0d7c6221e490feefd92ec3f441c9ce8cd097f4"
  integrity sha1-ag18YiHkkP7v2S7D9EHJzozQl/Q=

engine.io-client@1.5.4:
  version "1.5.4"
  resolved "https://registry.yarnpkg.com/engine.io-client/-/engine.io-client-1.5.4.tgz#c6ad65a65752a29cb930c6911e579d2b28d1106c"
  integrity sha1-xq1lpldSopy5MMaRHledKyjREGw=
  dependencies:
    component-emitter "1.1.2"
    component-inherit "0.0.3"
    debug "1.0.4"
    engine.io-parser "1.2.2"
    has-cors "1.0.3"
    indexof "0.0.1"
    parsejson "0.0.1"
    parseqs "0.0.2"
    parseuri "0.0.4"
    ws "0.8.0"
    xmlhttprequest "https://github.com/rase-/node-XMLHttpRequest/archive/a6b6f2.tar.gz"

engine.io-parser@1.2.2:
  version "1.2.2"
  resolved "https://registry.yarnpkg.com/engine.io-parser/-/engine.io-parser-1.2.2.tgz#cd081041feea39c64323ff79b82a90a72afcccdd"
  integrity sha1-zQgQQf7qOcZDI/95uCqQpyr8zN0=
  dependencies:
    after "0.8.1"
    arraybuffer.slice "0.0.6"
    base64-arraybuffer "0.1.2"
    blob "0.0.4"
    has-binary "0.1.6"
    utf8 "2.1.0"

engine.io@1.5.4:
  version "1.5.4"
  resolved "https://registry.yarnpkg.com/engine.io/-/engine.io-1.5.4.tgz#c6141012911c350631c1b390f5324eb4202e29f2"
  integrity sha1-xhQQEpEcNQYxwbOQ9TJOtCAuKfI=
  dependencies:
    base64id "0.1.0"
    debug "1.0.3"
    engine.io-parser "1.2.2"
    ws "0.8.0"

escape-html@1.0.1:
  version "1.0.1"
  resolved "https://registry.yarnpkg.com/escape-html/-/escape-html-1.0.1.tgz#181a286ead397a39a92857cfb1d43052e356bff0"
  integrity sha1-GBoobq05ejmpKFfPsdQwUuNWv/A=

etag@~1.6.0:
  version "1.6.0"
  resolved "https://registry.yarnpkg.com/etag/-/etag-1.6.0.tgz#8bcb2c6af1254c481dfc8b997c906ef4e442c207"
  integrity sha1-i8ssavElTEgd/IuZfJBu9ORCwgc=
  dependencies:
    crc "3.2.1"

express@~4.12.3:
  version "4.12.4"
  resolved "https://registry.yarnpkg.com/express/-/express-4.12.4.tgz#8fec2510255bc6b2e58107c48239c0fa307c1aa2"
  integrity sha1-j+wlECVbxrLlgQfEgjnA+jB8GqI=
  dependencies:
    accepts "~1.2.7"
    content-disposition "0.5.0"
    content-type "~1.0.1"
    cookie "0.1.2"
    cookie-signature "1.0.6"
    debug "~2.2.0"
    depd "~1.0.1"
    escape-html "1.0.1"
    etag "~1.6.0"
    finalhandler "0.3.6"
    fresh "0.2.4"
    merge-descriptors "1.0.0"
    methods "~1.1.1"
    on-finished "~2.2.1"
    parseurl "~1.3.0"
    path-to-regexp "0.1.3"
    proxy-addr "~1.0.8"
    qs "2.4.2"
    range-parser "~1.0.2"
    send "0.12.3"
    serve-static "~1.9.3"
    type-is "~1.6.2"
    utils-merge "1.0.0"
    vary "~1.0.0"

finalhandler@0.3.6:
  version "0.3.6"
  resolved "https://registry.yarnpkg.com/finalhandler/-/finalhandler-0.3.6.tgz#daf9c4161b1b06e001466b1411dfdb6973be138b"
  integrity sha1-2vnEFhsbBuABRmsUEd/baXO+E4s=
  dependencies:
    debug "~2.2.0"
    escape-html "1.0.1"
    on-finished "~2.2.1"

forwarded@~0.1.0:
  version "0.1.2"
  resolved "https://registry.yarnpkg.com/forwarded/-/forwarded-0.1.2.tgz#98c23dab1175657b8c0573e8ceccd91b0ff18c84"
  integrity sha1-mMI9qxF1ZXuMBXPozszZGw/xjIQ=

fresh@0.2.4:
  version "0.2.4"
  resolved "https://registry.yarnpkg.com/fresh/-/fresh-0.2.4.tgz#3582499206c9723714190edd74b4604feb4a614c"
  integrity sha1-NYJJkgbJcjcUGQ7ddLRgT+tKYUw=

"global@https://github.com/component/global/archive/v2.0.1.tar.gz":
  version "2.0.1"
  resolved "https://github.com/component/global/archive/v2.0.1.tar.gz#3fb25343fb66d79991b0f4a429ce3b54480eec3c"

has-binary-data@0.1.3:
  version "0.1.3"
  resolved "https://registry.yarnpkg.com/has-binary-data/-/has-binary-data-0.1.3.tgz#8ebb18388b57f19a5231275a16fc18d51f379aae"
  integrity sha1-jrsYOItX8ZpSMSdaFvwY1R83mq4=
  dependencies:
    isarray "0.0.1"

has-binary@0.1.6:
  version "0.1.6"
  resolved "https://registry.yarnpkg.com/has-binary/-/has-binary-0.1.6.tgz#25326f39cfa4f616ad8787894e3af2cfbc7b6e10"
  integrity sha1-JTJvOc+k9hath4eJTjryz7x7bhA=
  dependencies:
    isarray "0.0.1"

has-cors@1.0.3:
  version "1.0.3"
  resolved "https://registry.yarnpkg.com/has-cors/-/has-cors-1.0.3.tgz#502acb9b3104dac33dd2630eaf2f888b0baf4cb3"
  integrity sha1-UCrLmzEE2sM90mMOry+IiwuvTLM=
  dependencies:
    global "https://github.com/component/global/archive/v2.0.1.tar.gz"

indexof@0.0.1:
  version "0.0.1"
  resolved "https://registry.yarnpkg.com/indexof/-/indexof-0.0.1.tgz#82dc336d232b9062179d05ab3293a66059fd435d"
  integrity sha1-gtwzbSMrkGIXnQWrMpOmYFn9Q10=

ipaddr.js@1.0.5:
  version "1.0.5"
  resolved "https://registry.yarnpkg.com/ipaddr.js/-/ipaddr.js-1.0.5.tgz#5fa78cf301b825c78abc3042d812723049ea23c7"
  integrity sha1-X6eM8wG4JceKvDBC2BJyMEnqI8c=

isarray@0.0.1:
  version "0.0.1"
  resolved "https://registry.yarnpkg.com/isarray/-/isarray-0.0.1.tgz#8a18acfca9a8f4177e09abfc6038939b05d1eedf"
  integrity sha1-ihis/Kmo9Bd+Cav8YDiTmwXR7t8=

json3@3.2.6:
  version "3.2.6"
  resolved "https://registry.yarnpkg.com/json3/-/json3-3.2.6.tgz#f6efc93c06a04de9aec53053df2559bb19e2038b"
  integrity sha1-9u/JPAagTemuxTBT3yVZuxniA4s=

media-typer@0.3.0:
  version "0.3.0"
  resolved "https://registry.yarnpkg.com/media-typer/-/media-typer-0.3.0.tgz#8710d7af0aa626f8fffa1ce00168545263255748"
  integrity sha1-hxDXrwqmJvj/+hzgAWhUUmMlV0g=

merge-descriptors@1.0.0:
  version "1.0.0"
  resolved "https://registry.yarnpkg.com/merge-descriptors/-/merge-descriptors-1.0.0.tgz#2169cf7538e1b0cc87fb88e1502d8474bbf79864"
  integrity sha1-IWnPdTjhsMyH+4jhUC2EdLv3mGQ=

methods@~1.1.1:
  version "1.1.2"
  resolved "https://registry.yarnpkg.com/methods/-/methods-1.1.2.tgz#5529a4d67654134edcc5266656835b0f851afcee"
  integrity sha1-VSmk1nZUE07cxSZmVoNbD4Ua/O4=

mime-db@1.43.0:
  version "1.43.0"
  resolved "https://registry.yarnpkg.com/mime-db/-/mime-db-1.43.0.tgz#0a12e0502650e473d735535050e7c8f4eb4fae58"
  integrity sha512-+5dsGEEovYbT8UY9yD7eE4XTc4UwJ1jBYlgaQQF38ENsKR3wj/8q8RFZrF9WIZpB2V1ArTVFUva8sAul1NzRzQ==

mime-types@~2.1.24, mime-types@~2.1.6:
  version "2.1.26"
  resolved "https://registry.yarnpkg.com/mime-types/-/mime-types-2.1.26.tgz#9c921fc09b7e149a65dfdc0da4d20997200b0a06"
  integrity sha512-01paPWYgLrkqAyrlDorC1uDwl2p3qZT7yl806vW7DvDoxwXi46jsjFbg+WdwotBIk6/MbEhO/dh5aZ5sNj/dWQ==
  dependencies:
    mime-db "1.43.0"

mime@1.3.4:
  version "1.3.4"
  resolved "https://registry.yarnpkg.com/mime/-/mime-1.3.4.tgz#115f9e3b6b3daf2959983cb38f149a2d40eb5d53"
  integrity sha1-EV+eO2s9rylZmDyzjxSaLUDrXVM=

ms@0.6.2:
  version "0.6.2"
  resolved "https://registry.yarnpkg.com/ms/-/ms-0.6.2.tgz#d89c2124c6fdc1353d65a8b77bf1aac4b193708c"
  integrity sha1-2JwhJMb9wTU9Zai3e/GqxLGTcIw=

ms@0.7.1:
  version "0.7.1"
  resolved "https://registry.yarnpkg.com/ms/-/ms-0.7.1.tgz#9cd13c03adbff25b65effde7ce864ee952017098"
  integrity sha1-nNE8A62/8ltl7/3nzoZO6VIBcJg=

nan@^2.0.5:
  version "2.14.0"
  resolved "https://registry.yarnpkg.com/nan/-/nan-2.14.0.tgz#7818f722027b2459a86f0295d434d1fc2336c52c"
  integrity sha512-INOFj37C7k3AfaNTtX8RhsTw7qRy7eLET14cROi9+5HAVbbHuIWUHEauBv5qT4Av2tWasiTY1Jw6puUNqRJXQg==

nan@~2.4.0:
  version "2.4.0"
  resolved "https://registry.yarnpkg.com/nan/-/nan-2.4.0.tgz#fb3c59d45fe4effe215f0b890f8adf6eb32d2232"
  integrity sha1-+zxZ1F/k7/4hXwuJD4rfbrMtIjI=

negotiator@0.5.3:
  version "0.5.3"
  resolved "https://registry.yarnpkg.com/negotiator/-/negotiator-0.5.3.tgz#269d5c476810ec92edbe7b6c2f28316384f9a7e8"
  integrity sha1-Jp1cR2gQ7JLtvntsLygxY4T5p+g=

object-component@0.0.3:
  version "0.0.3"
  resolved "https://registry.yarnpkg.com/object-component/-/object-component-0.0.3.tgz#f0c69aa50efc95b866c186f400a33769cb2f1291"
  integrity sha1-8MaapQ78lbhmwYb0AKM3acsvEpE=

object-keys@1.0.1:
  version "1.0.1"
  resolved "https://registry.yarnpkg.com/object-keys/-/object-keys-1.0.1.tgz#55802e85842c26bbb5ebbc157abf3be302569ba8"
  integrity sha1-VYAuhYQsJru167wVer874wJWm6g=

on-finished@~2.2.1:
  version "2.2.1"
  resolved "https://registry.yarnpkg.com/on-finished/-/on-finished-2.2.1.tgz#5c85c1cc36299f78029653f667f27b6b99ebc029"
  integrity sha1-XIXBzDYpn3gCllP2Z/J7a5nrwCk=
  dependencies:
    ee-first "1.1.0"

options@>=0.0.5:
  version "0.0.6"
  resolved "https://registry.yarnpkg.com/options/-/options-0.0.6.tgz#ec22d312806bb53e731773e7cdaefcf1c643128f"
  integrity sha1-7CLTEoBrtT5zF3Pnza788cZDEo8=

parsejson@0.0.1:
  version "0.0.1"
  resolved "https://registry.yarnpkg.com/parsejson/-/parsejson-0.0.1.tgz#9b10c6c0d825ab589e685153826de0a3ba278bcc"
  integrity sha1-mxDGwNglq1ieaFFTgm3go7oni8w=
  dependencies:
    better-assert "~1.0.0"

parseqs@0.0.2:
  version "0.0.2"
  resolved "https://registry.yarnpkg.com/parseqs/-/parseqs-0.0.2.tgz#9dfe70b2cddac388bde4f35b1f240fa58adbe6c7"
  integrity sha1-nf5wss3aw4i95PNbHyQPpYrb5sc=
  dependencies:
    better-assert "~1.0.0"

parseuri@0.0.2:
  version "0.0.2"
  resolved "https://registry.yarnpkg.com/parseuri/-/parseuri-0.0.2.tgz#db41878f2d6964718be870b3140973d8093be156"
  integrity sha1-20GHjy1pZHGL6HCzFAlz2Ak74VY=
  dependencies:
    better-assert "~1.0.0"

parseuri@0.0.4:
  version "0.0.4"
  resolved "https://registry.yarnpkg.com/parseuri/-/parseuri-0.0.4.tgz#806582a39887e1ea18dd5e2fe0e01902268e9350"
  integrity sha1-gGWCo5iH4eoY3V4v4OAZAiaOk1A=
  dependencies:
    better-assert "~1.0.0"

parseurl@~1.3.0:
  version "1.3.3"
  resolved "https://registry.yarnpkg.com/parseurl/-/parseurl-1.3.3.tgz#9da19e7bee8d12dff0513ed5b76957793bc2e8d4"
  integrity sha512-CiyeOxFT/JZyN5m0z9PfXw4SCBJ6Sygz1Dpl0wqjlhDEGGBP1GnsUVEL0p63hoG1fcj3fHynXi9NYO4nWOL+qQ==

path-to-regexp@0.1.3:
  version "0.1.3"
  resolved "https://registry.yarnpkg.com/path-to-regexp/-/path-to-regexp-0.1.3.tgz#21b9ab82274279de25b156ea08fd12ca51b8aecb"
  integrity sha1-IbmrgidCed4lsVbqCP0SylG4rss=

proxy-addr@~1.0.8:
  version "1.0.10"
  resolved "https://registry.yarnpkg.com/proxy-addr/-/proxy-addr-1.0.10.tgz#0d40a82f801fc355567d2ecb65efe3f077f121c5"
  integrity sha1-DUCoL4Afw1VWfS7LZe/j8HfxIcU=
  dependencies:
    forwarded "~0.1.0"
    ipaddr.js "1.0.5"

qs@2.4.2:
  version "2.4.2"
  resolved "https://registry.yarnpkg.com/qs/-/qs-2.4.2.tgz#f7ce788e5777df0b5010da7f7c4e73ba32470f5a"
  integrity sha1-9854jld33wtQENp/fE5zujJHD1o=

range-parser@~1.0.2:
  version "1.0.3"
  resolved "https://registry.yarnpkg.com/range-parser/-/range-parser-1.0.3.tgz#6872823535c692e2c2a0103826afd82c2e0ff175"
  integrity sha1-aHKCNTXGkuLCoBA4Jq/YLC4P8XU=

send@0.12.3:
  version "0.12.3"
  resolved "https://registry.yarnpkg.com/send/-/send-0.12.3.tgz#cd12dc58fde21e4f91902b39b2fda05a7a6d9bdc"
  integrity sha1-zRLcWP3iHk+RkCs5sv2gWnptm9w=
  dependencies:
    debug "~2.2.0"
    depd "~1.0.1"
    destroy "1.0.3"
    escape-html "1.0.1"
    etag "~1.6.0"
    fresh "0.2.4"
    mime "1.3.4"
    ms "0.7.1"
    on-finished "~2.2.1"
    range-parser "~1.0.2"

serve-static@~1.9.3:
  version "1.9.3"
  resolved "https://registry.yarnpkg.com/serve-static/-/serve-static-1.9.3.tgz#5f8da07323ad385ff3dc541f1a7917b2e436eb57"
  integrity sha1-X42gcyOtOF/z3FQfGnkXsuQ261c=
  dependencies:
    escape-html "1.0.1"
    parseurl "~1.3.0"
    send "0.12.3"
    utils-merge "1.0.0"

socket.io-adapter@0.3.1:
  version "0.3.1"
  resolved "https://registry.yarnpkg.com/socket.io-adapter/-/socket.io-adapter-0.3.1.tgz#df81f970b4df6493902d93e519c7b72755c3a958"
  integrity sha1-34H5cLTfZJOQLZPlGce3J1XDqVg=
  dependencies:
    debug "1.0.2"
    object-keys "1.0.1"
    socket.io-parser "2.2.2"

socket.io-client@1.3.7:
  version "1.3.7"
  resolved "https://registry.yarnpkg.com/socket.io-client/-/socket.io-client-1.3.7.tgz#7ab7c069b8d50425eb265f031f84a97e6ebe719c"
  integrity sha1-erfAabjVBCXrJl8DH4Spfm6+cZw=
  dependencies:
    backo2 "1.0.2"
    component-bind "1.0.0"
    component-emitter "1.1.2"
    debug "0.7.4"
    engine.io-client "1.5.4"
    has-binary "0.1.6"
    indexof "0.0.1"
    object-component "0.0.3"
    parseuri "0.0.2"
    socket.io-parser "2.2.4"
    to-array "0.1.3"

socket.io-parser@2.2.2:
  version "2.2.2"
  resolved "https://registry.yarnpkg.com/socket.io-parser/-/socket.io-parser-2.2.2.tgz#3d7af6b64497e956b7d9fe775f999716027f9417"
  integrity sha1-PXr2tkSX6Va32f53X5mXFgJ/lBc=
  dependencies:
    benchmark "1.0.0"
    component-emitter "1.1.2"
    debug "0.7.4"
    isarray "0.0.1"
    json3 "3.2.6"

socket.io-parser@2.2.4:
  version "2.2.4"
  resolved "https://registry.yarnpkg.com/socket.io-parser/-/socket.io-parser-2.2.4.tgz#f9ce19bf1909608ceb15d97721e23bfdd1e7cf65"
  integrity sha1-+c4ZvxkJYIzrFdl3IeI7/dHnz2U=
  dependencies:
    benchmark "1.0.0"
    component-emitter "1.1.2"
    debug "0.7.4"
    isarray "0.0.1"
    json3 "3.2.6"

socket.io@~1.3.5:
  version "1.3.7"
  resolved "https://registry.yarnpkg.com/socket.io/-/socket.io-1.3.7.tgz#93747a29bcab6266f0fbe19112cca5e1388cf7ad"
  integrity sha1-k3R6KbyrYmbw++GREsyl4TiM960=
  dependencies:
    debug "2.1.0"
    engine.io "1.5.4"
    has-binary-data "0.1.3"
    socket.io-adapter "0.3.1"
    socket.io-client "1.3.7"
    socket.io-parser "2.2.4"

to-array@0.1.3:
  version "0.1.3"
  resolved "https://registry.yarnpkg.com/to-array/-/to-array-0.1.3.tgz#d45dadc6363417f60f28474fea50ecddbb4f4991"
  integrity sha1-1F2txjY0F/YPKEdP6lDs3btPSZE=

type-is@~1.6.2:
  version "1.6.18"
  resolved "https://registry.yarnpkg.com/type-is/-/type-is-1.6.18.tgz#4e552cd05df09467dcbc4ef739de89f2cf37c131"
  integrity sha512-TkRKr9sUTxEH8MdfuCSP7VizJyzRNMjj2J2do2Jr3Kym598JVdEksuzPQCnlFPW4ky9Q+iA+ma9BGm06XQBy8g==
  dependencies:
    media-typer "0.3.0"
    mime-types "~2.1.24"

ultron@1.0.x:
  version "1.0.2"
  resolved "https://registry.yarnpkg.com/ultron/-/ultron-1.0.2.tgz#ace116ab557cd197386a4e88f4685378c8b2e4fa"
  integrity sha1-rOEWq1V80Zc4ak6I9GhTeMiy5Po=

utf-8-validate@1.2.x:
  version "1.2.2"
  resolved "https://registry.yarnpkg.com/utf-8-validate/-/utf-8-validate-1.2.2.tgz#8bb871a4741e085c70487ca7acdbd7d6d36029eb"
  integrity sha1-i7hxpHQeCFxwSHynrNvX1tNgKes=
  dependencies:
    bindings "~1.2.1"
    nan "~2.4.0"

utf8@2.1.0:
  version "2.1.0"
  resolved "https://registry.yarnpkg.com/utf8/-/utf8-2.1.0.tgz#0cfec5c8052d44a23e3aaa908104e8075f95dfd5"
  integrity sha1-DP7FyAUtRKI+OqqQgQToB1+V39U=

utils-merge@1.0.0:
  version "1.0.0"
  resolved "https://registry.yarnpkg.com/utils-merge/-/utils-merge-1.0.0.tgz#0294fb922bb9375153541c4f7096231f287c8af8"
  integrity sha1-ApT7kiu5N1FTVBxPcJYjHyh8ivg=

vary@~1.0.0:
  version "1.0.1"
  resolved "https://registry.yarnpkg.com/vary/-/vary-1.0.1.tgz#99e4981566a286118dfb2b817357df7993376d10"
  integrity sha1-meSYFWaihhGN+yuBc1ffeZM3bRA=

ws@0.8.0:
  version "0.8.0"
  resolved "https://registry.yarnpkg.com/ws/-/ws-0.8.0.tgz#ac60ebad312121d01e16cc3383d7ec67ad0f0f1f"
  integrity sha1-rGDrrTEhIdAeFswzg9fsZ60PDx8=
  dependencies:
    options ">=0.0.5"
    ultron "1.0.x"
  optionalDependencies:
    bufferutil "1.2.x"
    utf-8-validate "1.2.x"

"xmlhttprequest@https://github.com/rase-/node-XMLHttpRequest/archive/a6b6f2.tar.gz":
  version "1.5.0"
  resolved "https://github.com/rase-/node-XMLHttpRequest/archive/a6b6f2.tar.gz#20cafa5caa55f6db6bfaee849d1eb60ee43a5fca"
